lockfileVersion: 5.4

specifiers:
  '@tsconfig/strictest': ^1.0.2
  rimraf: ^4.0.4
  typescript: ^4.9.4

devDependencies:
  '@tsconfig/strictest': 1.0.2
  rimraf: 4.0.4
  typescript: 4.9.4

packages:

  /@tsconfig/strictest/1.0.2:
    resolution: {integrity: sha512-IRKlC8cnP7zMz1SDBjyIVyPapkEGWLZ6wkF6Z8T+xU80P9sO5uGXlIUvtzjx+7ehPJRWxkB6CeIDwUfyqNtYkQ==}
    dev: true

  /rimraf/4.0.4:
    resolution: {integrity: sha512-R0hoVr9xTwemarQjoWlNt/nb5dEGVTBhVdkRmEX2zEkT8T6onH0XKiGjuaC7rNNj/gYzY2p4NVRJ3sjO1ascHQ==}
    engines: {node: '>=14'}
    hasBin: true
    dev: true

  /typescript/4.9.4:
    resolution: {integrity: sha512-Uz+dTXYzxXXbsFpM86Wh3dKCxrQqUcVMxwU54orwlJjOpO3ao8L7j5lH+dWfTwgCwIuM9GQ2kvVotzYJMXTBZg==}
    engines: {node: '>=4.2.0'}
    hasBin: true
    dev: true
